
Microsoft Visual Studio Solution File, Format Version 12.00
# Visual Studio 14
VisualStudioVersion = 14.0.25420.1
MinimumVisualStudioVersion = 10.0.40219.1
Project("{FAE04EC0-301F-11D3-BF4B-00C04F79EFBC}") = "1. Largest Common End", "1. Largest Common End\1. Largest Common End.csproj", "{7C24EAE7-7C4A-40EF-BAB9-741A2E7B6695}"
EndProject
Project("{FAE04EC0-301F-11D3-BF4B-00C04F79EFBC}") = "2. Rotate and Sum", "2. Rotate and Sum\2. Rotate and Sum.csproj", "{52ACBFE1-6BBD-4F19-8635-7E56CA1CF77F}"
EndProject
Project("{FAE04EC0-301F-11D3-BF4B-00C04F79EFBC}") = "3", "3\3.csproj", "{33757F12-95F0-49B6-9ABB-83561FBECD04}"
EndProject
Project("{FAE04EC0-301F-11D3-BF4B-00C04F79EFBC}") = "4. Sieve of Eratosthenes", "4. Sieve of Eratosthenes\4. Sieve of Eratosthenes.csproj", "{BB2F377D-C3E1-4EAD-B59D-866BFBB37F51}"
EndProject
Global
	GlobalSection(SolutionConfigurationPlatforms) = preSolution
		Debug|Any CPU = Debug|Any CPU
		Release|Any CPU = Release|Any CPU
	EndGlobalSection
	GlobalSection(ProjectConfigurationPlatforms) = postSolution
		{7C24EAE7-7C4A-40EF-BAB9-741A2E7B6695}.Debug|Any CPU.ActiveCfg = Debug|Any CPU
		{7C24EAE7-7C4A-40EF-BAB9-741A2E7B6695}.Debug|Any CPU.Build.0 = Debug|Any CPU
		{7C24EAE7-7C4A-40EF-BAB9-741A2E7B6695}.Release|Any CPU.ActiveCfg = Release|Any CPU
		{7C24EAE7-7C4A-40EF-BAB9-741A2E7B6695}.Release|Any CPU.Build.0 = Release|Any CPU
		{52ACBFE1-6BBD-4F19-8635-7E56CA1CF77F}.Debug|Any CPU.ActiveCfg = Debug|Any CPU
		{52ACBFE1-6BBD-4F19-8635-7E56CA1CF77F}.Debug|Any CPU.Build.0 = Debug|Any CPU
		{52ACBFE1-6BBD-4F19-8635-7E56CA1CF77F}.Release|Any CPU.ActiveCfg = Release|Any CPU
		{52ACBFE1-6BBD-4F19-8635-7E56CA1CF77F}.Release|Any CPU.Build.0 = Release|Any CPU
		{33757F12-95F0-49B6-9ABB-83561FBECD04}.Debug|Any CPU.ActiveCfg = Debug|Any CPU
		{33757F12-95F0-49B6-9ABB-83561FBECD04}.Debug|Any CPU.Build.0 = Debug|Any CPU
		{33757F12-95F0-49B6-9ABB-83561FBECD04}.Release|Any CPU.ActiveCfg = Release|Any CPU
		{33757F12-95F0-49B6-9ABB-83561FBECD04}.Release|Any CPU.Build.0 = Release|Any CPU
		{BB2F377D-C3E1-4EAD-B59D-866BFBB37F51}.Debug|Any CPU.ActiveCfg = Debug|Any CPU
		{BB2F377D-C3E1-4EAD-B59D-866BFBB37F51}.Debug|Any CPU.Build.0 = Debug|Any CPU
		{BB2F377D-C3E1-4EAD-B59D-866BFBB37F51}.Release|Any CPU.ActiveCfg = Release|Any CPU
		{BB2F377D-C3E1-4EAD-B59D-866BFBB37F51}.Release|Any CPU.Build.0 = Release|Any CPU
	EndGlobalSection
	GlobalSection(SolutionProperties) = preSolution
		HideSolutionNode = FALSE
	EndGlobalSection
EndGlobal
